// !$*UTF8*$!
{
	archiveVersion = 1;
	classes = {
	};
	objectVersion = 46;
	objects = {

/* Begin PBXBuildFile section */
		49560CEB1663F032000A281E /* Default-568h@2x.png in Resources */ = {isa = PBXBuildFile; fileRef = 49560CEA1663F032000A281E /* Default-568h@2x.png */; };
		4959D09115A30BDC008C0F82 /* UIKit.framework in Frameworks */ = {isa = PBXBuildFile; fileRef = 4959D09015A30BDC008C0F82 /* UIKit.framework */; };
		4959D09315A30BDC008C0F82 /* Foundation.framework in Frameworks */ = {isa = PBXBuildFile; fileRef = 4959D09215A30BDC008C0F82 /* Foundation.framework */; };
		4959D09515A30BDC008C0F82 /* CoreGraphics.framework in Frameworks */ = {isa = PBXBuildFile; fileRef = 4959D09415A30BDC008C0F82 /* CoreGraphics.framework */; };
		4959D09B15A30BDC008C0F82 /* InfoPlist.strings in Resources */ = {isa = PBXBuildFile; fileRef = 4959D09915A30BDC008C0F82 /* InfoPlist.strings */; };
		4959D09D15A30BDC008C0F82 /* main.m in Sources */ = {isa = PBXBuildFile; fileRef = 4959D09C15A30BDC008C0F82 /* main.m */; };
		4959D0A115A30BDC008C0F82 /* net_addimage_dropdownmenuAppDelegate.m in Sources */ = {isa = PBXBuildFile; fileRef = 4959D0A015A30BDC008C0F82 /* net_addimage_dropdownmenuAppDelegate.m */; };
		4959D0A415A30BDC008C0F82 /* MainStoryboard.storyboard in Resources */ = {isa = PBXBuildFile; fileRef = 4959D0A215A30BDC008C0F82 /* MainStoryboard.storyboard */; };
		4959D0A715A30BDC008C0F82 /* net_addimage_dropdownmenuViewController.m in Sources */ = {isa = PBXBuildFile; fileRef = 4959D0A615A30BDC008C0F82 /* net_addimage_dropdownmenuViewController.m */; };
		4959D0AF15A30D2D008C0F82 /* UIDropDownMenu.m in Sources */ = {isa = PBXBuildFile; fileRef = 4959D0AE15A30D2D008C0F82 /* UIDropDownMenu.m */; };
/* End PBXBuildFile section */

/* Begin PBXFileReference section */
		49560CEA1663F032000A281E /* Default-568h@2x.png */ = {isa = PBXFileReference; lastKnownFileType = image.png; path = "Default-568h@2x.png"; sourceTree = "<group>"; };
		4959D08C15A30BDC008C0F82 /* DropDown Menu Storyboard.app */ = {isa = PBXFileReference; explicitFileType = wrapper.application; includeInIndex = 0; path = "DropDown Menu Storyboard.app"; sourceTree = BUILT_PRODUCTS_DIR; };
		4959D09015A30BDC008C0F82 /* UIKit.framework */ = {isa = PBXFileReference; lastKnownFileType = wrapper.framework; name = UIKit.framework; path = System/Library/Frameworks/UIKit.framework; sourceTree = SDKROOT; };
		4959D09215A30BDC008C0F82 /* Foundation.framework */ = {isa = PBXFileReference; lastKnownFileType = wrapper.framework; name = Foundation.framework; path = System/Library/Frameworks/Foundation.framework; sourceTree = SDKROOT; };
		4959D09415A30BDC008C0F82 /* CoreGraphics.framework */ = {isa = PBXFileReference; lastKnownFileType = wrapper.framework; name = CoreGraphics.framework; path = System/Library/Frameworks/CoreGraphics.framework; sourceTree = SDKROOT; };
		4959D09815A30BDC008C0F82 /* DropDown Menu Storyboard-Info.plist */ = {isa = PBXFileReference; lastKnownFileType = text.plist.xml; path = "DropDown Menu Storyboard-Info.plist"; sourceTree = "<group>"; };
		4959D09A15A30BDC008C0F82 /* en */ = {isa = PBXFileReference; lastKnownFileType = text.plist.strings; name = en; path = en.lproj/InfoPlist.strings; sourceTree = "<group>"; };
		4959D09C15A30BDC008C0F82 /* main.m */ = {isa = PBXFileReference; lastKnownFileType = sourcecode.c.objc; path = main.m; sourceTree = "<group>"; };
		4959D09E15A30BDC008C0F82 /* DropDown Menu Storyboard-Prefix.pch */ = {isa = PBXFileReference; lastKnownFileType = sourcecode.c.h; path = "DropDown Menu Storyboard-Prefix.pch"; sourceTree = "<group>"; };
		4959D09F15A30BDC008C0F82 /* net_addimage_dropdownmenuAppDelegate.h */ = {isa = PBXFileReference; lastKnownFileType = sourcecode.c.h; path = net_addimage_dropdownmenuAppDelegate.h; sourceTree = "<group>"; };
		4959D0A015A30BDC008C0F82 /* net_addimage_dropdownmenuAppDelegate.m */ = {isa = PBXFileReference; lastKnownFileType = sourcecode.c.objc; path = net_addimage_dropdownmenuAppDelegate.m; sourceTree = "<group>"; };
		4959D0A315A30BDC008C0F82 /* en */ = {isa = PBXFileReference; lastKnownFileType = file.storyboard; name = en; path = en.lproj/MainStoryboard.storyboard; sourceTree = "<group>"; };
		4959D0A515A30BDC008C0F82 /* net_addimage_dropdownmenuViewController.h */ = {isa = PBXFileReference; lastKnownFileType = sourcecode.c.h; path = net_addimage_dropdownmenuViewController.h; sourceTree = "<group>"; };
		4959D0A615A30BDC008C0F82 /* net_addimage_dropdownmenuViewController.m */ = {isa = PBXFileReference; lastKnownFileType = sourcecode.c.objc; path = net_addimage_dropdownmenuViewController.m; sourceTree = "<group>"; };
		4959D0AD15A30D2D008C0F82 /* UIDropDownMenu.h */ = {isa = PBXFileReference; fileEncoding = 4; lastKnownFileType = sourcecode.c.h; path = UIDropDownMenu.h; sourceTree = "<group>"; };
		4959D0AE15A30D2D008C0F82 /* UIDropDownMenu.m */ = {isa = PBXFileReference; fileEncoding = 4; lastKnownFileType = sourcecode.c.objc; path = UIDropDownMenu.m; sourceTree = "<group>"; };
/* End PBXFileReference section */

/* Begin PBXFrameworksBuildPhase section */
		4959D08915A30BDC008C0F82 /* Frameworks */ = {
			isa = PBXFrameworksBuildPhase;
			buildActionMask = 2147483647;
			files = (
				4959D09115A30BDC008C0F82 /* UIKit.framework in Frameworks */,
				4959D09315A30BDC008C0F82 /* Foundation.framework in Frameworks */,
				4959D09515A30BDC008C0F82 /* CoreGraphics.framework in Frameworks */,
			);
			runOnlyForDeploymentPostprocessing = 0;
		};
/* End PBXFrameworksBuildPhase section */

/* Begin PBXGroup section */
		4959D08115A30BDC008C0F82 = {
			isa = PBXGroup;
			children = (
				49560CEA1663F032000A281E /* Default-568h@2x.png */,
				4959D09615A30BDC008C0F82 /* DropDown Menu Storyboard */,
				4959D08F15A30BDC008C0F82 /* Frameworks */,
				4959D08D15A30BDC008C0F82 /* Products */,
			);
			sourceTree = "<group>";
		};
		4959D08D15A30BDC008C0F82 /* Products */ = {
			isa = PBXGroup;
			children = (
				4959D08C15A30BDC008C0F82 /* DropDown Menu Storyboard.app */,
			);
			name = Products;
			sourceTree = "<group>";
		};
		4959D08F15A30BDC008C0F82 /* Frameworks */ = {
			isa = PBXGroup;
			children = (
				4959D09015A30BDC008C0F82 /* UIKit.framework */,
				4959D09215A30BDC008C0F82 /* Foundation.framework */,
				4959D09415A30BDC008C0F82 /* CoreGraphics.framework */,
			);
			name = Frameworks;
			sourceTree = "<group>";
		};
		4959D09615A30BDC008C0F82 /* DropDown Menu Storyboard */ = {
			isa = PBXGroup;
			children = (
				4959D0AD15A30D2D008C0F82 /* UIDropDownMenu.h */,
				4959D0AE15A30D2D008C0F82 /* UIDropDownMenu.m */,
				4959D09F15A30BDC008C0F82 /* net_addimage_dropdownmenuAppDelegate.h */,
				4959D0A015A30BDC008C0F82 /* net_addimage_dropdownmenuAppDelegate.m */,
				4959D0A215A30BDC008C0F82 /* MainStoryboard.storyboard */,
				4959D0A515A30BDC008C0F82 /* net_addimage_dropdownmenuViewController.h */,
				4959D0A615A30BDC008C0F82 /* net_addimage_dropdownmenuViewController.m */,
				4959D09715A30BDC008C0F82 /* Supporting Files */,
			);
			path = "DropDown Menu Storyboard";
			sourceTree = "<group>";
		};
		4959D09715A30BDC008C0F82 /* Supporting Files */ = {
			isa = PBXGroup;
			children = (
				4959D09815A30BDC008C0F82 /* DropDown Menu Storyboard-Info.plist */,
				4959D09915A30BDC008C0F82 /* InfoPlist.strings */,
				4959D09C15A30BDC008C0F82 /* main.m */,
				4959D09E15A30BDC008C0F82 /* DropDown Menu Storyboard-Prefix.pch */,
			);
			name = "Supporting Files";
			sourceTree = "<group>";
		};
/* End PBXGroup section */

/* Begin PBXNativeTarget section */
		4959D08B15A30BDC008C0F82 /* DropDown Menu Storyboard */ = {
			isa = PBXNativeTarget;
			buildConfigurationList = 4959D0AA15A30BDC008C0F82 /* Build configuration list for PBXNativeTarget "DropDown Menu Storyboard" */;
			buildPhases = (
				4959D08815A30BDC008C0F82 /* Sources */,
				4959D08915A30BDC008C0F82 /* Frameworks */,
				4959D08A15A30BDC008C0F82 /* Resources */,
			);
			buildRules = (
			);
			dependencies = (
			);
			name = "DropDown Menu Storyboard";
			productName = "DropDown Menu Storyboard";
			productReference = 4959D08C15A30BDC008C0F82 /* DropDown Menu Storyboard.app */;
			productType = "com.apple.product-type.application";
		};
/* End PBXNativeTarget section */

/* Begin PBXProject section */
		4959D08315A30BDC008C0F82 /* Project object */ = {
			isa = PBXProject;
			attributes = {
				CLASSPREFIX = net.addimage.dropdownmenu;
				LastUpgradeCheck = 0430;
			};
			buildConfigurationList = 4959D08615A30BDC008C0F82 /* Build configuration list for PBXProject "DropDown Menu Storyboard" */;
			compatibilityVersion = "Xcode 3.2";
			developmentRegion = English;
			hasScannedForEncodings = 0;
			knownRegions = (
				en,
			);
			mainGroup = 4959D08115A30BDC008C0F82;
			productRefGroup = 4959D08D15A30BDC008C0F82 /* Products */;
			projectDirPath = "";
			projectRoot = "";
			targets = (
				4959D08B15A30BDC008C0F82 /* DropDown Menu Storyboard */,
			);
		};
/* End PBXProject section */

/* Begin PBXResourcesBuildPhase section */
		4959D08A15A30BDC008C0F82 /* Resources */ = {
			isa = PBXResourcesBuildPhase;
			buildActionMask = 2147483647;
			files = (
				4959D09B15A30BDC008C0F82 /* InfoPlist.strings in Resources */,
				4959D0A415A30BDC008C0F82 /* MainStoryboard.storyboard in Resources */,
				49560CEB1663F032000A281E /* Default-568h@2x.png in Resources */,
			);
			runOnlyForDeploymentPostprocessing = 0;
		};
/* End PBXResourcesBuildPhase section */

/* Begin PBXSourcesBuildPhase section */
		4959D08815A30BDC008C0F82 /* Sources */ = {
			isa = PBXSourcesBuildPhase;
			buildActionMask = 2147483647;
			files = (
				4959D09D15A30BDC008C0F82 /* main.m in Sources */,
				4959D0A115A30BDC008C0F82 /* net_addimage_dropdownmenuAppDelegate.m in Sources */,
				4959D0A715A30BDC008C0F82 /* net_addimage_dropdownmenuViewController.m in Sources */,
				4959D0AF15A30D2D008C0F82 /* UIDropDownMenu.m in Sources */,
			);
			runOnlyForDeploymentPostprocessing = 0;
		};
/* End PBXSourcesBuildPhase section */

/* Begin PBXVariantGroup section */
		4959D09915A30BDC008C0F82 /* InfoPlist.strings */ = {
			isa = PBXVariantGroup;
			children = (
				4959D09A15A30BDC008C0F82 /* en */,
			);
			name = InfoPlist.strings;
			sourceTree = "<group>";
		};
		4959D0A215A30BDC008C0F82 /* MainStoryboard.storyboard */ = {
			isa = PBXVariantGroup;
			children = (
				4959D0A315A30BDC008C0F82 /* en */,
			);
			name = MainStoryboard.storyboard;
			sourceTree = "<group>";
		};
/* End PBXVariantGroup section */

/* Begin XCBuildConfiguration section */
		4959D0A815A30BDC008C0F82 /* Debug */ = {
			isa = XCBuildConfiguration;
			buildSettings = {
				ALWAYS_SEARCH_USER_PATHS = NO;
				ARCHS = "$(ARCHS_STANDARD_32_BIT)";
				CLANG_ENABLE_OBJC_ARC = YES;
				"CODE_SIGN_IDENTITY[sdk=iphoneos*]" = "iPhone Developer";
				COPY_PHASE_STRIP = NO;
				GCC_C_LANGUAGE_STANDARD = gnu99;
				GCC_DYNAMIC_NO_PIC = NO;
				GCC_OPTIMIZATION_LEVEL = 0;
				GCC_PREPROCESSOR_DEFINITIONS = (
					"DEBUG=1",
					"$(inherited)",
				);
				GCC_SYMBOLS_PRIVATE_EXTERN = NO;
				GCC_VERSION = com.apple.compilers.llvm.clang.1_0;
				GCC_WARN_ABOUT_RETURN_TYPE = YES;
				GCC_WARN_UNINITIALIZED_AUTOS = YES;
				GCC_WARN_UNUSED_VARIABLE = YES;
				IPHONEOS_DEPLOYMENT_TARGET = 5.1;
				SDKROOT = iphoneos;
				TARGETED_DEVICE_FAMILY = "1,2";
			};
			name = Debug;
		};
		4959D0A915A30BDC008C0F82 /* Release */ = {
			isa = XCBuildConfiguration;
			buildSettings = {
				ALWAYS_SEARCH_USER_PATHS = NO;
				ARCHS = "$(ARCHS_STANDARD_32_BIT)";
				CLANG_ENABLE_OBJC_ARC = YES;
				"CODE_SIGN_IDENTITY[sdk=iphoneos*]" = "iPhone Developer";
				COPY_PHASE_STRIP = YES;
				GCC_C_LANGUAGE_STANDARD = gnu99;
				GCC_VERSION = com.apple.compilers.llvm.clang.1_0;
				GCC_WARN_ABOUT_RETURN_TYPE = YES;
				GCC_WARN_UNINITIALIZED_AUTOS = YES;
				GCC_WARN_UNUSED_VARIABLE = YES;
				IPHONEOS_DEPLOYMENT_TARGET = 5.1;
				OTHER_CFLAGS = "-DNS_BLOCK_ASSERTIONS=1";
				SDKROOT = iphoneos;
				TARGETED_DEVICE_FAMILY = "1,2";
				VALIDATE_PRODUCT = YES;
			};
			name = Release;
		};
		4959D0AB15A30BDC008C0F82 /* Debug */ = {
			isa = XCBuildConfiguration;
			buildSettings = {
				GCC_PRECOMPILE_PREFIX_HEADER = YES;
				GCC_PREFIX_HEADER = "DropDown Menu Storyboard/DropDown Menu Storyboard-Prefix.pch";
				INFOPLIST_FILE = "DropDown Menu Storyboard/DropDown Menu Storyboard-Info.plist";
				IPHONEOS_DEPLOYMENT_TARGET = 5.0;
				PRODUCT_NAME = "$(TARGET_NAME)";
				WRAPPER_EXTENSION = app;
			};
			name = Debug;
		};
		4959D0AC15A30BDC008C0F82 /* Release */ = {
			isa = XCBuildConfiguration;
			buildSettings = {
				GCC_PRECOMPILE_PREFIX_HEADER = YES;
				GCC_PREFIX_HEADER = "DropDown Menu Storyboard/DropDown Menu Storyboard-Prefix.pch";
				INFOPLIST_FILE = "DropDown Menu Storyboard/DropDown Menu Storyboard-Info.plist";
				IPHONEOS_DEPLOYMENT_TARGET = 5.0;
				PRODUCT_NAME = "$(TARGET_NAME)";
				WRAPPER_EXTENSION = app;
			};
			name = Release;
		};
/* End XCBuildConfiguration section */

/* Begin XCConfigurationList section */
		4959D08615A30BDC008C0F82 /* Build configuration list for PBXProject "DropDown Menu Storyboard" */ = {
			isa = XCConfigurationList;
			buildConfigurations = (
				4959D0A815A30BDC008C0F82 /* Debug */,
				4959D0A915A30BDC008C0F82 /* Release */,
			);
			defaultConfigurationIsVisible = 0;
			defaultConfigurationName = Release;
		};
		4959D0AA15A30BDC008C0F82 /* Build configuration list for PBXNativeTarget "DropDown Menu Storyboard" */ = {
			isa = XCConfigurationList;
			buildConfigurations = (
				4959D0AB15A30BDC008C0F82 /* Debug */,
				4959D0AC15A30BDC008C0F82 /* Release */,
			);
			defaultConfigurationIsVisible = 0;
			defaultConfigurationName = Release;
		};
/* End XCConfigurationList section */
	};
	rootObject = 4959D08315A30BDC008C0F82 /* Project object */;
}
